// !$*UTF8*$!
{
	archiveVersion = 1;
	classes = {
	};
	objectVersion = 46;
	objects = {

/* Begin PBXBuildFile section */
		76E883BF1DEC9451004EDBF7 /* AppDelegate.swift in Sources */ = {isa = PBXBuildFile; fileRef = 76E883BE1DEC9451004EDBF7 /* AppDelegate.swift */; };
		76E883C11DEC9451004EDBF7 /* MasterViewController.swift in Sources */ = {isa = PBXBuildFile; fileRef = 76E883C01DEC9451004EDBF7 /* MasterViewController.swift */; };
		76E883C31DEC9451004EDBF7 /* DetailViewController.swift in Sources */ = {isa = PBXBuildFile; fileRef = 76E883C21DEC9451004EDBF7 /* DetailViewController.swift */; };
		76E883C61DEC9451004EDBF7 /* Main.storyboard in Resources */ = {isa = PBXBuildFile; fileRef = 76E883C41DEC9451004EDBF7 /* Main.storyboard */; };
		76E883C81DEC9451004EDBF7 /* Assets.xcassets in Resources */ = {isa = PBXBuildFile; fileRef = 76E883C71DEC9451004EDBF7 /* Assets.xcassets */; };
		76E883CB1DEC9451004EDBF7 /* LaunchScreen.storyboard in Resources */ = {isa = PBXBuildFile; fileRef = 76E883C91DEC9451004EDBF7 /* LaunchScreen.storyboard */; };
		76E883D61DEC9451004EDBF7 /* phonebankiosTests.swift in Sources */ = {isa = PBXBuildFile; fileRef = 76E883D51DEC9451004EDBF7 /* phonebankiosTests.swift */; };
		76E883E11DEC9451004EDBF7 /* phonebankiosUITests.swift in Sources */ = {isa = PBXBuildFile; fileRef = 76E883E01DEC9451004EDBF7 /* phonebankiosUITests.swift */; };
/* End PBXBuildFile section */

/* Begin PBXContainerItemProxy section */
		76E883D21DEC9451004EDBF7 /* PBXContainerItemProxy */ = {
			isa = PBXContainerItemProxy;
			containerPortal = 76E883B31DEC9451004EDBF7 /* Project object */;
			proxyType = 1;
			remoteGlobalIDString = 76E883BA1DEC9451004EDBF7;
			remoteInfo = phonebankios;
		};
		76E883DD1DEC9451004EDBF7 /* PBXContainerItemProxy */ = {
			isa = PBXContainerItemProxy;
			containerPortal = 76E883B31DEC9451004EDBF7 /* Project object */;
			proxyType = 1;
			remoteGlobalIDString = 76E883BA1DEC9451004EDBF7;
			remoteInfo = phonebankios;
		};
/* End PBXContainerItemProxy section */

/* Begin PBXFileReference section */
		76E883BB1DEC9451004EDBF7 /* phonebankios.app */ = {isa = PBXFileReference; explicitFileType = wrapper.application; includeInIndex = 0; path = phonebankios.app; sourceTree = BUILT_PRODUCTS_DIR; };
		76E883BE1DEC9451004EDBF7 /* AppDelegate.swift */ = {isa = PBXFileReference; lastKnownFileType = sourcecode.swift; path = AppDelegate.swift; sourceTree = "<group>"; };
		76E883C01DEC9451004EDBF7 /* MasterViewController.swift */ = {isa = PBXFileReference; lastKnownFileType = sourcecode.swift; path = MasterViewController.swift; sourceTree = "<group>"; };
		76E883C21DEC9451004EDBF7 /* DetailViewController.swift */ = {isa = PBXFileReference; lastKnownFileType = sourcecode.swift; path = DetailViewController.swift; sourceTree = "<group>"; };
		76E883C51DEC9451004EDBF7 /* Base */ = {isa = PBXFileReference; lastKnownFileType = file.storyboard; name = Base; path = Base.lproj/Main.storyboard; sourceTree = "<group>"; };
		76E883C71DEC9451004EDBF7 /* Assets.xcassets */ = {isa = PBXFileReference; lastKnownFileType = folder.assetcatalog; path = Assets.xcassets; sourceTree = "<group>"; };
		76E883CA1DEC9451004EDBF7 /* Base */ = {isa = PBXFileReference; lastKnownFileType = file.storyboard; name = Base; path = Base.lproj/LaunchScreen.storyboard; sourceTree = "<group>"; };
		76E883CC1DEC9451004EDBF7 /* Info.plist */ = {isa = PBXFileReference; lastKnownFileType = text.plist.xml; path = Info.plist; sourceTree = "<group>"; };
		76E883D11DEC9451004EDBF7 /* phonebankiosTests.xctest */ = {isa = PBXFileReference; explicitFileType = wrapper.cfbundle; includeInIndex = 0; path = phonebankiosTests.xctest; sourceTree = BUILT_PRODUCTS_DIR; };
		76E883D51DEC9451004EDBF7 /* phonebankiosTests.swift */ = {isa = PBXFileReference; lastKnownFileType = sourcecode.swift; path = phonebankiosTests.swift; sourceTree = "<group>"; };
		76E883D71DEC9451004EDBF7 /* Info.plist */ = {isa = PBXFileReference; lastKnownFileType = text.plist.xml; path = Info.plist; sourceTree = "<group>"; };
		76E883DC1DEC9451004EDBF7 /* phonebankiosUITests.xctest */ = {isa = PBXFileReference; explicitFileType = wrapper.cfbundle; includeInIndex = 0; path = phonebankiosUITests.xctest; sourceTree = BUILT_PRODUCTS_DIR; };
		76E883E01DEC9451004EDBF7 /* phonebankiosUITests.swift */ = {isa = PBXFileReference; lastKnownFileType = sourcecode.swift; path = phonebankiosUITests.swift; sourceTree = "<group>"; };
		76E883E21DEC9451004EDBF7 /* Info.plist */ = {isa = PBXFileReference; lastKnownFileType = text.plist.xml; path = Info.plist; sourceTree = "<group>"; };
/* End PBXFileReference section */

/* Begin PBXFrameworksBuildPhase section */
		76E883B81DEC9451004EDBF7 /* Frameworks */ = {
			isa = PBXFrameworksBuildPhase;
			buildActionMask = 2147483647;
			files = (
			);
			runOnlyForDeploymentPostprocessing = 0;
		};
		76E883CE1DEC9451004EDBF7 /* Frameworks */ = {
			isa = PBXFrameworksBuildPhase;
			buildActionMask = 2147483647;
			files = (
			);
			runOnlyForDeploymentPostprocessing = 0;
		};
		76E883D91DEC9451004EDBF7 /* Frameworks */ = {
			isa = PBXFrameworksBuildPhase;
			buildActionMask = 2147483647;
			files = (
			);
			runOnlyForDeploymentPostprocessing = 0;
		};
/* End PBXFrameworksBuildPhase section */

/* Begin PBXGroup section */
		76E883B21DEC9451004EDBF7 = {
			isa = PBXGroup;
			children = (
				76E883BD1DEC9451004EDBF7 /* phonebankios */,
				76E883D41DEC9451004EDBF7 /* phonebankiosTests */,
				76E883DF1DEC9451004EDBF7 /* phonebankiosUITests */,
				76E883BC1DEC9451004EDBF7 /* Products */,
			);
			sourceTree = "<group>";
		};
		76E883BC1DEC9451004EDBF7 /* Products */ = {
			isa = PBXGroup;
			children = (
				76E883BB1DEC9451004EDBF7 /* phonebankios.app */,
				76E883D11DEC9451004EDBF7 /* phonebankiosTests.xctest */,
				76E883DC1DEC9451004EDBF7 /* phonebankiosUITests.xctest */,
			);
			name = Products;
			sourceTree = "<group>";
		};
		76E883BD1DEC9451004EDBF7 /* phonebankios */ = {
			isa = PBXGroup;
			children = (
				76E883BE1DEC9451004EDBF7 /* AppDelegate.swift */,
				76E883C01DEC9451004EDBF7 /* MasterViewController.swift */,
				76E883C21DEC9451004EDBF7 /* DetailViewController.swift */,
				76E883C41DEC9451004EDBF7 /* Main.storyboard */,
				76E883C71DEC9451004EDBF7 /* Assets.xcassets */,
				76E883C91DEC9451004EDBF7 /* LaunchScreen.storyboard */,
				76E883CC1DEC9451004EDBF7 /* Info.plist */,
			);
			path = phonebankios;
			sourceTree = "<group>";
		};
		76E883D41DEC9451004EDBF7 /* phonebankiosTests */ = {
			isa = PBXGroup;
			children = (
				76E883D51DEC9451004EDBF7 /* phonebankiosTests.swift */,
				76E883D71DEC9451004EDBF7 /* Info.plist */,
			);
			path = phonebankiosTests;
			sourceTree = "<group>";
		};
		76E883DF1DEC9451004EDBF7 /* phonebankiosUITests */ = {
			isa = PBXGroup;
			children = (
				76E883E01DEC9451004EDBF7 /* phonebankiosUITests.swift */,
				76E883E21DEC9451004EDBF7 /* Info.plist */,
			);
			path = phonebankiosUITests;
			sourceTree = "<group>";
		};
/* End PBXGroup section */

/* Begin PBXNativeTarget section */
		76E883BA1DEC9451004EDBF7 /* phonebankios */ = {
			isa = PBXNativeTarget;
			buildConfigurationList = 76E883E51DEC9451004EDBF7 /* Build configuration list for PBXNativeTarget "phonebankios" */;
			buildPhases = (
				76E883B71DEC9451004EDBF7 /* Sources */,
				76E883B81DEC9451004EDBF7 /* Frameworks */,
				76E883B91DEC9451004EDBF7 /* Resources */,
			);
			buildRules = (
			);
			dependencies = (
			);
			name = phonebankios;
			productName = phonebankios;
			productReference = 76E883BB1DEC9451004EDBF7 /* phonebankios.app */;
			productType = "com.apple.product-type.application";
		};
		76E883D01DEC9451004EDBF7 /* phonebankiosTests */ = {
			isa = PBXNativeTarget;
			buildConfigurationList = 76E883E81DEC9451004EDBF7 /* Build configuration list for PBXNativeTarget "phonebankiosTests" */;
			buildPhases = (
				76E883CD1DEC9451004EDBF7 /* Sources */,
				76E883CE1DEC9451004EDBF7 /* Frameworks */,
				76E883CF1DEC9451004EDBF7 /* Resources */,
			);
			buildRules = (
			);
			dependencies = (
				76E883D31DEC9451004EDBF7 /* PBXTargetDependency */,
			);
			name = phonebankiosTests;
			productName = phonebankiosTests;
			productReference = 76E883D11DEC9451004EDBF7 /* phonebankiosTests.xctest */;
			productType = "com.apple.product-type.bundle.unit-test";
		};
		76E883DB1DEC9451004EDBF7 /* phonebankiosUITests */ = {
			isa = PBXNativeTarget;
			buildConfigurationList = 76E883EB1DEC9451004EDBF7 /* Build configuration list for PBXNativeTarget "phonebankiosUITests" */;
			buildPhases = (
				76E883D81DEC9451004EDBF7 /* Sources */,
				76E883D91DEC9451004EDBF7 /* Frameworks */,
				76E883DA1DEC9451004EDBF7 /* Resources */,
			);
			buildRules = (
			);
			dependencies = (
				76E883DE1DEC9451004EDBF7 /* PBXTargetDependency */,
			);
			name = phonebankiosUITests;
			productName = phonebankiosUITests;
			productReference = 76E883DC1DEC9451004EDBF7 /* phonebankiosUITests.xctest */;
			productType = "com.apple.product-type.bundle.ui-testing";
		};
/* End PBXNativeTarget section */

/* Begin PBXProject section */
		76E883B31DEC9451004EDBF7 /* Project object */ = {
			isa = PBXProject;
			attributes = {
				LastSwiftUpdateCheck = 0730;
				LastUpgradeCheck = 0730;
				ORGANIZATIONNAME = "Chelsea Troy";
				TargetAttributes = {
					76E883BA1DEC9451004EDBF7 = {
						CreatedOnToolsVersion = 7.3.1;
					};
					76E883D01DEC9451004EDBF7 = {
						CreatedOnToolsVersion = 7.3.1;
						TestTargetID = 76E883BA1DEC9451004EDBF7;
					};
					76E883DB1DEC9451004EDBF7 = {
						CreatedOnToolsVersion = 7.3.1;
						TestTargetID = 76E883BA1DEC9451004EDBF7;
					};
				};
			};
			buildConfigurationList = 76E883B61DEC9451004EDBF7 /* Build configuration list for PBXProject "phonebankios" */;
			compatibilityVersion = "Xcode 3.2";
			developmentRegion = English;
			hasScannedForEncodings = 0;
			knownRegions = (
				en,
				Base,
			);
			mainGroup = 76E883B21DEC9451004EDBF7;
			productRefGroup = 76E883BC1DEC9451004EDBF7 /* Products */;
			projectDirPath = "";
			projectRoot = "";
			targets = (
				76E883BA1DEC9451004EDBF7 /* phonebankios */,
				76E883D01DEC9451004EDBF7 /* phonebankiosTests */,
				76E883DB1DEC9451004EDBF7 /* phonebankiosUITests */,
			);
		};
/* End PBXProject section */

/* Begin PBXResourcesBuildPhase section */
		76E883B91DEC9451004EDBF7 /* Resources */ = {
			isa = PBXResourcesBuildPhase;
			buildActionMask = 2147483647;
			files = (
				76E883CB1DEC9451004EDBF7 /* LaunchScreen.storyboard in Resources */,
				76E883C81DEC9451004EDBF7 /* Assets.xcassets in Resources */,
				76E883C61DEC9451004EDBF7 /* Main.storyboard in Resources */,
			);
			runOnlyForDeploymentPostprocessing = 0;
		};
		76E883CF1DEC9451004EDBF7 /* Resources */ = {
			isa = PBXResourcesBuildPhase;
			buildActionMask = 2147483647;
			files = (
			);
			runOnlyForDeploymentPostprocessing = 0;
		};
		76E883DA1DEC9451004EDBF7 /* Resources */ = {
			isa = PBXResourcesBuildPhase;
			buildActionMask = 2147483647;
			files = (
			);
			runOnlyForDeploymentPostprocessing = 0;
		};
/* End PBXResourcesBuildPhase section */

/* Begin PBXSourcesBuildPhase section */
		76E883B71DEC9451004EDBF7 /* Sources */ = {
			isa = PBXSourcesBuildPhase;
			buildActionMask = 2147483647;
			files = (
				76E883C31DEC9451004EDBF7 /* DetailViewController.swift in Sources */,
				76E883C11DEC9451004EDBF7 /* MasterViewController.swift in Sources */,
				76E883BF1DEC9451004EDBF7 /* AppDelegate.swift in Sources */,
			);
			runOnlyForDeploymentPostprocessing = 0;
		};
		76E883CD1DEC9451004EDBF7 /* Sources */ = {
			isa = PBXSourcesBuildPhase;
			buildActionMask = 2147483647;
			files = (
				76E883D61DEC9451004EDBF7 /* phonebankiosTests.swift in Sources */,
			);
			runOnlyForDeploymentPostprocessing = 0;
		};
		76E883D81DEC9451004EDBF7 /* Sources */ = {
			isa = PBXSourcesBuildPhase;
			buildActionMask = 2147483647;
			files = (
				76E883E11DEC9451004EDBF7 /* phonebankiosUITests.swift in Sources */,
			);
			runOnlyForDeploymentPostprocessing = 0;
		};
/* End PBXSourcesBuildPhase section */

/* Begin PBXTargetDependency section */
		76E883D31DEC9451004EDBF7 /* PBXTargetDependency */ = {
			isa = PBXTargetDependency;
			target = 76E883BA1DEC9451004EDBF7 /* phonebankios */;
			targetProxy = 76E883D21DEC9451004EDBF7 /* PBXContainerItemProxy */;
		};
		76E883DE1DEC9451004EDBF7 /* PBXTargetDependency */ = {
			isa = PBXTargetDependency;
			target = 76E883BA1DEC9451004EDBF7 /* phonebankios */;
			targetProxy = 76E883DD1DEC9451004EDBF7 /* PBXContainerItemProxy */;
		};
/* End PBXTargetDependency section */

/* Begin PBXVariantGroup section */
		76E883C41DEC9451004EDBF7 /* Main.storyboard */ = {
			isa = PBXVariantGroup;
			children = (
				76E883C51DEC9451004EDBF7 /* Base */,
			);
			name = Main.storyboard;
			sourceTree = "<group>";
		};
		76E883C91DEC9451004EDBF7 /* LaunchScreen.storyboard */ = {
			isa = PBXVariantGroup;
			children = (
				76E883CA1DEC9451004EDBF7 /* Base */,
			);
			name = LaunchScreen.storyboard;
			sourceTree = "<group>";
		};
/* End PBXVariantGroup section */

/* Begin XCBuildConfiguration section */
		76E883E31DEC9451004EDBF7 /* Debug */ = {
			isa = XCBuildConfiguration;
			buildSettings = {
				ALWAYS_SEARCH_USER_PATHS = NO;
				CLANG_ANALYZER_NONNULL = YES;
				CLANG_CXX_LANGUAGE_STANDARD = "gnu++0x";
				CLANG_CXX_LIBRARY = "libc++";
				CLANG_ENABLE_MODULES = YES;
				CLANG_ENABLE_OBJC_ARC = YES;
				CLANG_WARN_BOOL_CONVERSION = YES;
				CLANG_WARN_CONSTANT_CONVERSION = YES;
				CLANG_WARN_DIRECT_OBJC_ISA_USAGE = YES_ERROR;
				CLANG_WARN_EMPTY_BODY = YES;
				CLANG_WARN_ENUM_CONVERSION = YES;
				CLANG_WARN_INT_CONVERSION = YES;
				CLANG_WARN_OBJC_ROOT_CLASS = YES_ERROR;
				CLANG_WARN_UNREACHABLE_CODE = YES;
				CLANG_WARN__DUPLICATE_METHOD_MATCH = YES;
				"CODE_SIGN_IDENTITY[sdk=iphoneos*]" = "iPhone Developer";
				COPY_PHASE_STRIP = NO;
				DEBUG_INFORMATION_FORMAT = dwarf;
				ENABLE_STRICT_OBJC_MSGSEND = YES;
				ENABLE_TESTABILITY = YES;
				GCC_C_LANGUAGE_STANDARD = gnu99;
				GCC_DYNAMIC_NO_PIC = NO;
				GCC_NO_COMMON_BLOCKS = YES;
				GCC_OPTIMIZATION_LEVEL = 0;
				GCC_PREPROCESSOR_DEFINITIONS = (
					"DEBUG=1",
					"$(inherited)",
				);
				GCC_WARN_64_TO_32_BIT_CONVERSION = YES;
				GCC_WARN_ABOUT_RETURN_TYPE = YES_ERROR;
				GCC_WARN_UNDECLARED_SELECTOR = YES;
				GCC_WARN_UNINITIALIZED_AUTOS = YES_AGGRESSIVE;
				GCC_WARN_UNUSED_FUNCTION = YES;
				GCC_WARN_UNUSED_VARIABLE = YES;
				IPHONEOS_DEPLOYMENT_TARGET = 9.3;
				MTL_ENABLE_DEBUG_INFO = YES;
				ONLY_ACTIVE_ARCH = YES;
				SDKROOT = iphoneos;
				SWIFT_OPTIMIZATION_LEVEL = "-Onone";
				TARGETED_DEVICE_FAMILY = "1,2";
			};
			name = Debug;
		};
		76E883E41DEC9451004EDBF7 /* Release */ = {
			isa = XCBuildConfiguration;
			buildSettings = {
				ALWAYS_SEARCH_USER_PATHS = NO;
				CLANG_ANALYZER_NONNULL = YES;
				CLANG_CXX_LANGUAGE_STANDARD = "gnu++0x";
				CLANG_CXX_LIBRARY = "libc++";
				CLANG_ENABLE_MODULES = YES;
				CLANG_ENABLE_OBJC_ARC = YES;
				CLANG_WARN_BOOL_CONVERSION = YES;
				CLANG_WARN_CONSTANT_CONVERSION = YES;
				CLANG_WARN_DIRECT_OBJC_ISA_USAGE = YES_ERROR;
				CLANG_WARN_EMPTY_BODY = YES;
				CLANG_WARN_ENUM_CONVERSION = YES;
				CLANG_WARN_INT_CONVERSION = YES;
				CLANG_WARN_OBJC_ROOT_CLASS = YES_ERROR;
				CLANG_WARN_UNREACHABLE_CODE = YES;
				CLANG_WARN__DUPLICATE_METHOD_MATCH = YES;
				"CODE_SIGN_IDENTITY[sdk=iphoneos*]" = "iPhone Developer";
				COPY_PHASE_STRIP = NO;
				DEBUG_INFORMATION_FORMAT = "dwarf-with-dsym";
				ENABLE_NS_ASSERTIONS = NO;
				ENABLE_STRICT_OBJC_MSGSEND = YES;
				GCC_C_LANGUAGE_STANDARD = gnu99;
				GCC_NO_COMMON_BLOCKS = YES;
				GCC_WARN_64_TO_32_BIT_CONVERSION = YES;
				GCC_WARN_ABOUT_RETURN_TYPE = YES_ERROR;
				GCC_WARN_UNDECLARED_SELECTOR = YES;
				GCC_WARN_UNINITIALIZED_AUTOS = YES_AGGRESSIVE;
				GCC_WARN_UNUSED_FUNCTION = YES;
				GCC_WARN_UNUSED_VARIABLE = YES;
				IPHONEOS_DEPLOYMENT_TARGET = 9.3;
				MTL_ENABLE_DEBUG_INFO = NO;
				SDKROOT = iphoneos;
				TARGETED_DEVICE_FAMILY = "1,2";
				VALIDATE_PRODUCT = YES;
			};
			name = Release;
		};
		76E883E61DEC9451004EDBF7 /* Debug */ = {
			isa = XCBuildConfiguration;
			buildSettings = {
				ASSETCATALOG_COMPILER_APPICON_NAME = AppIcon;
				INFOPLIST_FILE = phonebankios/Info.plist;
				LD_RUNPATH_SEARCH_PATHS = "$(inherited) @executable_path/Frameworks";
				PRODUCT_BUNDLE_IDENTIFIER = philanthropy.phonebankios;
				PRODUCT_NAME = "$(TARGET_NAME)";
			};
			name = Debug;
		};
		76E883E71DEC9451004EDBF7 /* Release */ = {
			isa = XCBuildConfiguration;
			buildSettings = {
				ASSETCATALOG_COMPILER_APPICON_NAME = AppIcon;
				INFOPLIST_FILE = phonebankios/Info.plist;
				LD_RUNPATH_SEARCH_PATHS = "$(inherited) @executable_path/Frameworks";
				PRODUCT_BUNDLE_IDENTIFIER = philanthropy.phonebankios;
				PRODUCT_NAME = "$(TARGET_NAME)";
			};
			name = Release;
		};
		76E883E91DEC9451004EDBF7 /* Debug */ = {
			isa = XCBuildConfiguration;
			buildSettings = {
				BUNDLE_LOADER = "$(TEST_HOST)";
				INFOPLIST_FILE = phonebankiosTests/Info.plist;
				LD_RUNPATH_SEARCH_PATHS = "$(inherited) @executable_path/Frameworks @loader_path/Frameworks";
				PRODUCT_BUNDLE_IDENTIFIER = philanthropy.phonebankiosTests;
				PRODUCT_NAME = "$(TARGET_NAME)";
				TEST_HOST = "$(BUILT_PRODUCTS_DIR)/phonebankios.app/phonebankios";
			};
			name = Debug;
		};
		76E883EA1DEC9451004EDBF7 /* Release */ = {
			isa = XCBuildConfiguration;
			buildSettings = {
				BUNDLE_LOADER = "$(TEST_HOST)";
				INFOPLIST_FILE = phonebankiosTests/Info.plist;
				LD_RUNPATH_SEARCH_PATHS = "$(inherited) @executable_path/Frameworks @loader_path/Frameworks";
				PRODUCT_BUNDLE_IDENTIFIER = philanthropy.phonebankiosTests;
				PRODUCT_NAME = "$(TARGET_NAME)";
				TEST_HOST = "$(BUILT_PRODUCTS_DIR)/phonebankios.app/phonebankios";
			};
			name = Release;
		};
		76E883EC1DEC9451004EDBF7 /* Debug */ = {
			isa = XCBuildConfiguration;
			buildSettings = {
				INFOPLIST_FILE = phonebankiosUITests/Info.plist;
				LD_RUNPATH_SEARCH_PATHS = "$(inherited) @executable_path/Frameworks @loader_path/Frameworks";
				PRODUCT_BUNDLE_IDENTIFIER = philanthropy.phonebankiosUITests;
				PRODUCT_NAME = "$(TARGET_NAME)";
				TEST_TARGET_NAME = phonebankios;
			};
			name = Debug;
		};
		76E883ED1DEC9451004EDBF7 /* Release */ = {
			isa = XCBuildConfiguration;
			buildSettings = {
				INFOPLIST_FILE = phonebankiosUITests/Info.plist;
				LD_RUNPATH_SEARCH_PATHS = "$(inherited) @executable_path/Frameworks @loader_path/Frameworks";
				PRODUCT_BUNDLE_IDENTIFIER = philanthropy.phonebankiosUITests;
				PRODUCT_NAME = "$(TARGET_NAME)";
				TEST_TARGET_NAME = phonebankios;
			};
			name = Release;
		};
/* End XCBuildConfiguration section */

/* Begin XCConfigurationList section */
		76E883B61DEC9451004EDBF7 /* Build configuration list for PBXProject "phonebankios" */ = {
			isa = XCConfigurationList;
			buildConfigurations = (
				76E883E31DEC9451004EDBF7 /* Debug */,
				76E883E41DEC9451004EDBF7 /* Release */,
			);
			defaultConfigurationIsVisible = 0;
			defaultConfigurationName = Release;
		};
		76E883E51DEC9451004EDBF7 /* Build configuration list for PBXNativeTarget "phonebankios" */ = {
			isa = XCConfigurationList;
			buildConfigurations = (
				76E883E61DEC9451004EDBF7 /* Debug */,
				76E883E71DEC9451004EDBF7 /* Release */,
			);
			defaultConfigurationIsVisible = 0;
		};
		76E883E81DEC9451004EDBF7 /* Build configuration list for PBXNativeTarget "phonebankiosTests" */ = {
			isa = XCConfigurationList;
			buildConfigurations = (
				76E883E91DEC9451004EDBF7 /* Debug */,
				76E883EA1DEC9451004EDBF7 /* Release */,
			);
			defaultConfigurationIsVisible = 0;
		};
		76E883EB1DEC9451004EDBF7 /* Build configuration list for PBXNativeTarget "phonebankiosUITests" */ = {
			isa = XCConfigurationList;
			buildConfigurations = (
				76E883EC1DEC9451004EDBF7 /* Debug */,
				76E883ED1DEC9451004EDBF7 /* Release */,
			);
			defaultConfigurationIsVisible = 0;
		};
/* End XCConfigurationList section */
	};
	rootObject = 76E883B31DEC9451004EDBF7 /* Project object */;
}
